
Microsoft Visual Studio Solution File, Format Version 12.00
# Visual Studio Version 17
VisualStudioVersion = 17.9.34616.47
MinimumVisualStudioVersion = 10.0.40219.1
Project("{FAE04EC0-301F-11D3-BF4B-00C04F79EFBC}") = "Consumer", "Consumer\Consumer.csproj", "{BDC15DF8-E007-4765-AE4D-21357D306D26}"
EndProject
Project("{9A19103F-16F7-4668-BE54-9A1E7A4F7556}") = "Test", "Consumer\Test\Test.csproj", "{7F5DC21E-B837-4C3C-8AA2-B3F7F6C1AE49}"
	ProjectSection(ProjectDependencies) = postProject
		{BDC15DF8-E007-4765-AE4D-21357D306D26} = {BDC15DF8-E007-4765-AE4D-21357D306D26}
	EndProjectSection
EndProject
Project("{FAE04EC0-301F-11D3-BF4B-00C04F79EFBC}") = "Producer", "Producer\Producer.csproj", "{F20FCD8C-737B-4059-AB5C-869F74F82457}"
EndProject
Global
	GlobalSection(SolutionConfigurationPlatforms) = preSolution
		Debug|Any CPU = Debug|Any CPU
		Release|Any CPU = Release|Any CPU
	EndGlobalSection
	GlobalSection(ProjectConfigurationPlatforms) = postSolution
		{BDC15DF8-E007-4765-AE4D-21357D306D26}.Debug|Any CPU.ActiveCfg = Debug|Any CPU
		{BDC15DF8-E007-4765-AE4D-21357D306D26}.Debug|Any CPU.Build.0 = Debug|Any CPU
		{BDC15DF8-E007-4765-AE4D-21357D306D26}.Release|Any CPU.ActiveCfg = Release|Any CPU
		{BDC15DF8-E007-4765-AE4D-21357D306D26}.Release|Any CPU.Build.0 = Release|Any CPU
		{7F5DC21E-B837-4C3C-8AA2-B3F7F6C1AE49}.Debug|Any CPU.ActiveCfg = Debug|Any CPU
		{7F5DC21E-B837-4C3C-8AA2-B3F7F6C1AE49}.Debug|Any CPU.Build.0 = Debug|Any CPU
		{7F5DC21E-B837-4C3C-8AA2-B3F7F6C1AE49}.Release|Any CPU.ActiveCfg = Release|Any CPU
		{7F5DC21E-B837-4C3C-8AA2-B3F7F6C1AE49}.Release|Any CPU.Build.0 = Release|Any CPU
		{F20FCD8C-737B-4059-AB5C-869F74F82457}.Debug|Any CPU.ActiveCfg = Debug|Any CPU
		{F20FCD8C-737B-4059-AB5C-869F74F82457}.Debug|Any CPU.Build.0 = Debug|Any CPU
		{F20FCD8C-737B-4059-AB5C-869F74F82457}.Release|Any CPU.ActiveCfg = Release|Any CPU
		{F20FCD8C-737B-4059-AB5C-869F74F82457}.Release|Any CPU.Build.0 = Release|Any CPU
	EndGlobalSection
	GlobalSection(SolutionProperties) = preSolution
		HideSolutionNode = FALSE
	EndGlobalSection
	GlobalSection(ExtensibilityGlobals) = postSolution
		SolutionGuid = {4F4CE8CD-1331-44FC-85C6-600281968508}
	EndGlobalSection
EndGlobal
