
Microsoft Visual Studio Solution File, Format Version 12.00
# Visual Studio Version 16
VisualStudioVersion = 16.0.810.21
MinimumVisualStudioVersion = 10.0.40219.1
Project("{FAE04EC0-301F-11D3-BF4B-00C04F79EFBC}") = "CSharp_Kafka_threading", "CSharp_Kafka_threading\CSharp_Kafka_threading.csproj", "{0A188418-F2D2-45A3-80F8-4C9297494327}"
EndProject
Project("{FAE04EC0-301F-11D3-BF4B-00C04F79EFBC}") = "Test", "Test\Test.csproj", "{5B854979-F2B7-414B-8845-9BB658721B45}"
EndProject
Global
	GlobalSection(SolutionConfigurationPlatforms) = preSolution
		Debug|anycpu = Debug|anycpu
		Release|anycpu = Release|anycpu
	EndGlobalSection
	GlobalSection(ProjectConfigurationPlatforms) = postSolution
		{0A188418-F2D2-45A3-80F8-4C9297494327}.Debug|anycpu.ActiveCfg = Debug|anycpu
		{0A188418-F2D2-45A3-80F8-4C9297494327}.Debug|anycpu.Build.0 = Debug|anycpu
		{0A188418-F2D2-45A3-80F8-4C9297494327}.Release|anycpu.ActiveCfg = Release|anycpu
		{0A188418-F2D2-45A3-80F8-4C9297494327}.Release|anycpu.Build.0 = Release|anycpu
		{5B854979-F2B7-414B-8845-9BB658721B45}.Debug|anycpu.ActiveCfg = Debug|Any CPU
		{5B854979-F2B7-414B-8845-9BB658721B45}.Debug|anycpu.Build.0 = Debug|Any CPU
		{5B854979-F2B7-414B-8845-9BB658721B45}.Release|anycpu.ActiveCfg = Release|Any CPU
		{5B854979-F2B7-414B-8845-9BB658721B45}.Release|anycpu.Build.0 = Release|Any CPU
	EndGlobalSection
	GlobalSection(SolutionProperties) = preSolution
		HideSolutionNode = FALSE
	EndGlobalSection
	GlobalSection(ExtensibilityGlobals) = postSolution
		SolutionGuid = {5A039F6B-FBA4-42D4-88D9-4010FDC86F2D}
	EndGlobalSection
EndGlobal
